
Microsoft Visual Studio Solution File, Format Version 12.00
# Visual Studio 15
VisualStudioVersion = 15.0.27703.2047
MinimumVisualStudioVersion = 10.0.40219.1
Project("{FAE04EC0-301F-11D3-BF4B-00C04F79EFBC}") = "AzureUploader", "AzureUploader\AzureUploader.csproj", "{B7855181-09F4-4B71-86B8-FED58438C4AE}"
EndProject
Global
	GlobalSection(SolutionConfigurationPlatforms) = preSolution
		Debug|Any CPU = Debug|Any CPU
		Release|Any CPU = Release|Any CPU
	EndGlobalSection
	GlobalSection(ProjectConfigurationPlatforms) = postSolution
		{B7855181-09F4-4B71-86B8-FED58438C4AE}.Debug|Any CPU.ActiveCfg = Debug|Any CPU
		{B7855181-09F4-4B71-86B8-FED58438C4AE}.Debug|Any CPU.Build.0 = Debug|Any CPU
		{B7855181-09F4-4B71-86B8-FED58438C4AE}.Release|Any CPU.ActiveCfg = Release|Any CPU
		{B7855181-09F4-4B71-86B8-FED58438C4AE}.Release|Any CPU.Build.0 = Release|Any CPU
	EndGlobalSection
	GlobalSection(SolutionProperties) = preSolution
		HideSolutionNode = FALSE
	EndGlobalSection
	GlobalSection(ExtensibilityGlobals) = postSolution
		SolutionGuid = {5B488C74-F291-4A7F-8E67-4CB49707A859}
	EndGlobalSection
EndGlobal
